
Microsoft Visual Studio Solution File, Format Version 12.00
# Visual Studio Version 16
VisualStudioVersion = 16.0.31205.134
MinimumVisualStudioVersion = 10.0.40219.1
Project("{FAE04EC0-301F-11D3-BF4B-00C04F79EFBC}") = "Contact", "Contact\Contact.csproj", "{0F891FBE-D016-40B7-8FE4-8A25F86694E5}"
EndProject
Global
	GlobalSection(SolutionConfigurationPlatforms) = preSolution
		Debug|Any CPU = Debug|Any CPU
		Release|Any CPU = Release|Any CPU
	EndGlobalSection
	GlobalSection(ProjectConfigurationPlatforms) = postSolution
		{0F891FBE-D016-40B7-8FE4-8A25F86694E5}.Debug|Any CPU.ActiveCfg = Debug|Any CPU
		{0F891FBE-D016-40B7-8FE4-8A25F86694E5}.Debug|Any CPU.Build.0 = Debug|Any CPU
		{0F891FBE-D016-40B7-8FE4-8A25F86694E5}.Release|Any CPU.ActiveCfg = Release|Any CPU
		{0F891FBE-D016-40B7-8FE4-8A25F86694E5}.Release|Any CPU.Build.0 = Release|Any CPU
	EndGlobalSection
	GlobalSection(SolutionProperties) = preSolution
		HideSolutionNode = FALSE
	EndGlobalSection
	GlobalSection(ExtensibilityGlobals) = postSolution
		SolutionGuid = {0296EDB2-BF13-4D0D-8826-9CCA960FE78A}
	EndGlobalSection
EndGlobal
